
Microsoft Visual Studio Solution File, Format Version 12.00
# Visual Studio Version 17
VisualStudioVersion = 17.0.32112.339
MinimumVisualStudioVersion = 10.0.40219.1
Project("{FAE04EC0-301F-11D3-BF4B-00C04F79EFBC}") = "CardApi", "CardApi/CardApi.csproj", "{CC036B58-0468-4BAB-BF17-313808ACD07A}"
EndProject
Global
	GlobalSection(SolutionConfigurationPlatforms) = preSolution
		Debug|Any CPU = Debug|Any CPU
		Release|Any CPU = Release|Any CPU
	EndGlobalSection
	GlobalSection(ProjectConfigurationPlatforms) = postSolution
		{CC036B58-0468-4BAB-BF17-313808ACD07A}.Debug|Any CPU.ActiveCfg = Debug|Any CPU
		{CC036B58-0468-4BAB-BF17-313808ACD07A}.Debug|Any CPU.Build.0 = Debug|Any CPU
		{CC036B58-0468-4BAB-BF17-313808ACD07A}.Release|Any CPU.ActiveCfg = Release|Any CPU
		{CC036B58-0468-4BAB-BF17-313808ACD07A}.Release|Any CPU.Build.0 = Release|Any CPU
	EndGlobalSection
	GlobalSection(SolutionProperties) = preSolution
		HideSolutionNode = FALSE
	EndGlobalSection
	GlobalSection(ExtensibilityGlobals) = postSolution
		SolutionGuid = {BC0933DB-81CF-4A70-A630-DA8FC2B299C9}
	EndGlobalSection
EndGlobal
